// !$*UTF8*$!
{
	archiveVersion = 1;
	classes = {
	};
	objectVersion = 56;
	objects = {

/* Begin PBXBuildFile section */
		F1359EE52ABB6F92004536E6 /* AppDelegate.swift in Sources */ = {isa = PBXBuildFile; fileRef = F1359EE42ABB6F92004536E6 /* AppDelegate.swift */; };
		F1359EE72ABB6F92004536E6 /* SceneDelegate.swift in Sources */ = {isa = PBXBuildFile; fileRef = F1359EE62ABB6F92004536E6 /* SceneDelegate.swift */; };
		F1359EEF2ABB6F92004536E6 /* BurnoutEditionMini02.xcdatamodeld in Sources */ = {isa = PBXBuildFile; fileRef = F1359EED2ABB6F92004536E6 /* BurnoutEditionMini02.xcdatamodeld */; };
		F1359EF12ABB6F93004536E6 /* Assets.xcassets in Resources */ = {isa = PBXBuildFile; fileRef = F1359EF02ABB6F93004536E6 /* Assets.xcassets */; };
		F1359EF42ABB6F93004536E6 /* LaunchScreen.storyboard in Resources */ = {isa = PBXBuildFile; fileRef = F1359EF22ABB6F93004536E6 /* LaunchScreen.storyboard */; };
		F15BE4FA2ABCC97D005A1C39 /* GoalsViewController.swift in Sources */ = {isa = PBXBuildFile; fileRef = F15BE4F92ABCC97D005A1C39 /* GoalsViewController.swift */; };
		F15BE4FC2ABCC9B6005A1C39 /* GoalsView.swift in Sources */ = {isa = PBXBuildFile; fileRef = F15BE4FB2ABCC9B6005A1C39 /* GoalsView.swift */; };
		F15BE4FE2ABCD789005A1C39 /* NewGoalModalView.swift in Sources */ = {isa = PBXBuildFile; fileRef = F15BE4FD2ABCD789005A1C39 /* NewGoalModalView.swift */; };
		F15BE5002ABCD89C005A1C39 /* NewSubgoalsModalView.swift in Sources */ = {isa = PBXBuildFile; fileRef = F15BE4FF2ABCD89C005A1C39 /* NewSubgoalsModalView.swift */; };
		F15BE5022ABCD8E9005A1C39 /* NewWellnessSubgoalsModalView.swift in Sources */ = {isa = PBXBuildFile; fileRef = F15BE5012ABCD8E9005A1C39 /* NewWellnessSubgoalsModalView.swift */; };
		F15BE5052ABCD950005A1C39 /* NewGoalModalViewController.swift in Sources */ = {isa = PBXBuildFile; fileRef = F15BE5042ABCD950005A1C39 /* NewGoalModalViewController.swift */; };
		F15BE5072ABCD965005A1C39 /* NewSubgoalsModalViewController.swift in Sources */ = {isa = PBXBuildFile; fileRef = F15BE5062ABCD965005A1C39 /* NewSubgoalsModalViewController.swift */; };
		F15BE5092ABCD985005A1C39 /* NewWellnessSubgoalsModalViewController.swift in Sources */ = {isa = PBXBuildFile; fileRef = F15BE5082ABCD985005A1C39 /* NewWellnessSubgoalsModalViewController.swift */; };
/* End PBXBuildFile section */

/* Begin PBXFileReference section */
		F1359EE12ABB6F92004536E6 /* BurnoutEditionMini02.app */ = {isa = PBXFileReference; explicitFileType = wrapper.application; includeInIndex = 0; path = BurnoutEditionMini02.app; sourceTree = BUILT_PRODUCTS_DIR; };
		F1359EE42ABB6F92004536E6 /* AppDelegate.swift */ = {isa = PBXFileReference; lastKnownFileType = sourcecode.swift; path = AppDelegate.swift; sourceTree = "<group>"; };
		F1359EE62ABB6F92004536E6 /* SceneDelegate.swift */ = {isa = PBXFileReference; lastKnownFileType = sourcecode.swift; path = SceneDelegate.swift; sourceTree = "<group>"; };
		F1359EEE2ABB6F92004536E6 /* BurnoutEditionMini02.xcdatamodel */ = {isa = PBXFileReference; lastKnownFileType = wrapper.xcdatamodel; path = BurnoutEditionMini02.xcdatamodel; sourceTree = "<group>"; };
		F1359EF02ABB6F93004536E6 /* Assets.xcassets */ = {isa = PBXFileReference; lastKnownFileType = folder.assetcatalog; path = Assets.xcassets; sourceTree = "<group>"; };
		F1359EF32ABB6F93004536E6 /* Base */ = {isa = PBXFileReference; lastKnownFileType = file.storyboard; name = Base; path = Base.lproj/LaunchScreen.storyboard; sourceTree = "<group>"; };
		F1359EF52ABB6F93004536E6 /* Info.plist */ = {isa = PBXFileReference; lastKnownFileType = text.plist.xml; path = Info.plist; sourceTree = "<group>"; };
		F15BE4F92ABCC97D005A1C39 /* GoalsViewController.swift */ = {isa = PBXFileReference; lastKnownFileType = sourcecode.swift; path = GoalsViewController.swift; sourceTree = "<group>"; };
		F15BE4FB2ABCC9B6005A1C39 /* GoalsView.swift */ = {isa = PBXFileReference; lastKnownFileType = sourcecode.swift; path = GoalsView.swift; sourceTree = "<group>"; };
		F15BE4FD2ABCD789005A1C39 /* NewGoalModalView.swift */ = {isa = PBXFileReference; lastKnownFileType = sourcecode.swift; path = NewGoalModalView.swift; sourceTree = "<group>"; };
		F15BE4FF2ABCD89C005A1C39 /* NewSubgoalsModalView.swift */ = {isa = PBXFileReference; lastKnownFileType = sourcecode.swift; path = NewSubgoalsModalView.swift; sourceTree = "<group>"; };
		F15BE5012ABCD8E9005A1C39 /* NewWellnessSubgoalsModalView.swift */ = {isa = PBXFileReference; lastKnownFileType = sourcecode.swift; path = NewWellnessSubgoalsModalView.swift; sourceTree = "<group>"; };
		F15BE5042ABCD950005A1C39 /* NewGoalModalViewController.swift */ = {isa = PBXFileReference; lastKnownFileType = sourcecode.swift; path = NewGoalModalViewController.swift; sourceTree = "<group>"; };
		F15BE5062ABCD965005A1C39 /* NewSubgoalsModalViewController.swift */ = {isa = PBXFileReference; lastKnownFileType = sourcecode.swift; path = NewSubgoalsModalViewController.swift; sourceTree = "<group>"; };
		F15BE5082ABCD985005A1C39 /* NewWellnessSubgoalsModalViewController.swift */ = {isa = PBXFileReference; lastKnownFileType = sourcecode.swift; path = NewWellnessSubgoalsModalViewController.swift; sourceTree = "<group>"; };
/* End PBXFileReference section */

/* Begin PBXFrameworksBuildPhase section */
		F1359EDE2ABB6F92004536E6 /* Frameworks */ = {
			isa = PBXFrameworksBuildPhase;
			buildActionMask = 2147483647;
			files = (
			);
			runOnlyForDeploymentPostprocessing = 0;
		};
/* End PBXFrameworksBuildPhase section */

/* Begin PBXGroup section */
		F1359ED82ABB6F92004536E6 = {
			isa = PBXGroup;
			children = (
				F1359EE32ABB6F92004536E6 /* BurnoutEditionMini02 */,
				F1359EE22ABB6F92004536E6 /* Products */,
			);
			sourceTree = "<group>";
		};
		F1359EE22ABB6F92004536E6 /* Products */ = {
			isa = PBXGroup;
			children = (
				F1359EE12ABB6F92004536E6 /* BurnoutEditionMini02.app */,
			);
			name = Products;
			sourceTree = "<group>";
		};
		F1359EE32ABB6F92004536E6 /* BurnoutEditionMini02 */ = {
			isa = PBXGroup;
			children = (
				F15BE4F82ABCC8C6005A1C39 /* App */,
				F15BE4F72ABCC8AF005A1C39 /* Views */,
				F15BE4F52ABCC892005A1C39 /* Controller */,
				F15BE4F22ABCC86B005A1C39 /* Model */,
				F1359EF02ABB6F93004536E6 /* Assets.xcassets */,
				F1359EF22ABB6F93004536E6 /* LaunchScreen.storyboard */,
				F1359EF52ABB6F93004536E6 /* Info.plist */,
				F1359EED2ABB6F92004536E6 /* BurnoutEditionMini02.xcdatamodeld */,
			);
			path = BurnoutEditionMini02;
			sourceTree = "<group>";
		};
		F15BE4F22ABCC86B005A1C39 /* Model */ = {
			isa = PBXGroup;
			children = (
			);
			path = Model;
			sourceTree = "<group>";
		};
		F15BE4F52ABCC892005A1C39 /* Controller */ = {
			isa = PBXGroup;
			children = (
				F15BE4F92ABCC97D005A1C39 /* GoalsViewController.swift */,
				F15BE5042ABCD950005A1C39 /* NewGoalModalViewController.swift */,
				F15BE5062ABCD965005A1C39 /* NewSubgoalsModalViewController.swift */,
				F15BE5082ABCD985005A1C39 /* NewWellnessSubgoalsModalViewController.swift */,
			);
			path = Controller;
			sourceTree = "<group>";
		};
		F15BE4F72ABCC8AF005A1C39 /* Views */ = {
			isa = PBXGroup;
			children = (
				F15BE4FB2ABCC9B6005A1C39 /* GoalsView.swift */,
				F15BE5032ABCD8F4005A1C39 /* NewGoalModal */,
			);
			path = Views;
			sourceTree = "<group>";
		};
		F15BE4F82ABCC8C6005A1C39 /* App */ = {
			isa = PBXGroup;
			children = (
				F1359EE42ABB6F92004536E6 /* AppDelegate.swift */,
				F1359EE62ABB6F92004536E6 /* SceneDelegate.swift */,
			);
			path = App;
			sourceTree = "<group>";
		};
		F15BE5032ABCD8F4005A1C39 /* NewGoalModal */ = {
			isa = PBXGroup;
			children = (
				F15BE4FD2ABCD789005A1C39 /* NewGoalModalView.swift */,
				F15BE4FF2ABCD89C005A1C39 /* NewSubgoalsModalView.swift */,
				F15BE5012ABCD8E9005A1C39 /* NewWellnessSubgoalsModalView.swift */,
			);
			path = NewGoalModal;
			sourceTree = "<group>";
		};
/* End PBXGroup section */

/* Begin PBXNativeTarget section */
		F1359EE02ABB6F92004536E6 /* BurnoutEditionMini02 */ = {
			isa = PBXNativeTarget;
			buildConfigurationList = F1359EF82ABB6F93004536E6 /* Build configuration list for PBXNativeTarget "BurnoutEditionMini02" */;
			buildPhases = (
				F1359EDD2ABB6F92004536E6 /* Sources */,
				F1359EDE2ABB6F92004536E6 /* Frameworks */,
				F1359EDF2ABB6F92004536E6 /* Resources */,
			);
			buildRules = (
			);
			dependencies = (
			);
			name = BurnoutEditionMini02;
			productName = BurnoutEditionMini02;
			productReference = F1359EE12ABB6F92004536E6 /* BurnoutEditionMini02.app */;
			productType = "com.apple.product-type.application";
		};
/* End PBXNativeTarget section */

/* Begin PBXProject section */
		F1359ED92ABB6F92004536E6 /* Project object */ = {
			isa = PBXProject;
			attributes = {
				BuildIndependentTargetsInParallel = 1;
				LastSwiftUpdateCheck = 1430;
				LastUpgradeCheck = 1430;
				TargetAttributes = {
					F1359EE02ABB6F92004536E6 = {
						CreatedOnToolsVersion = 14.3.1;
					};
				};
			};
			buildConfigurationList = F1359EDC2ABB6F92004536E6 /* Build configuration list for PBXProject "BurnoutEditionMini02" */;
			compatibilityVersion = "Xcode 14.0";
			developmentRegion = en;
			hasScannedForEncodings = 0;
			knownRegions = (
				en,
				Base,
			);
			mainGroup = F1359ED82ABB6F92004536E6;
			productRefGroup = F1359EE22ABB6F92004536E6 /* Products */;
			projectDirPath = "";
			projectRoot = "";
			targets = (
				F1359EE02ABB6F92004536E6 /* BurnoutEditionMini02 */,
			);
		};
/* End PBXProject section */

/* Begin PBXResourcesBuildPhase section */
		F1359EDF2ABB6F92004536E6 /* Resources */ = {
			isa = PBXResourcesBuildPhase;
			buildActionMask = 2147483647;
			files = (
				F1359EF42ABB6F93004536E6 /* LaunchScreen.storyboard in Resources */,
				F1359EF12ABB6F93004536E6 /* Assets.xcassets in Resources */,
			);
			runOnlyForDeploymentPostprocessing = 0;
		};
/* End PBXResourcesBuildPhase section */

/* Begin PBXSourcesBuildPhase section */
		F1359EDD2ABB6F92004536E6 /* Sources */ = {
			isa = PBXSourcesBuildPhase;
			buildActionMask = 2147483647;
			files = (
				F15BE5092ABCD985005A1C39 /* NewWellnessSubgoalsModalViewController.swift in Sources */,
				F1359EEF2ABB6F92004536E6 /* BurnoutEditionMini02.xcdatamodeld in Sources */,
				F15BE4FC2ABCC9B6005A1C39 /* GoalsView.swift in Sources */,
				F15BE4FA2ABCC97D005A1C39 /* GoalsViewController.swift in Sources */,
				F1359EE52ABB6F92004536E6 /* AppDelegate.swift in Sources */,
				F15BE5052ABCD950005A1C39 /* NewGoalModalViewController.swift in Sources */,
				F15BE5022ABCD8E9005A1C39 /* NewWellnessSubgoalsModalView.swift in Sources */,
				F15BE4FE2ABCD789005A1C39 /* NewGoalModalView.swift in Sources */,
				F1359EE72ABB6F92004536E6 /* SceneDelegate.swift in Sources */,
				F15BE5002ABCD89C005A1C39 /* NewSubgoalsModalView.swift in Sources */,
				F15BE5072ABCD965005A1C39 /* NewSubgoalsModalViewController.swift in Sources */,
			);
			runOnlyForDeploymentPostprocessing = 0;
		};
/* End PBXSourcesBuildPhase section */

/* Begin PBXVariantGroup section */
		F1359EF22ABB6F93004536E6 /* LaunchScreen.storyboard */ = {
			isa = PBXVariantGroup;
			children = (
				F1359EF32ABB6F93004536E6 /* Base */,
			);
			name = LaunchScreen.storyboard;
			sourceTree = "<group>";
		};
/* End PBXVariantGroup section */

/* Begin XCBuildConfiguration section */
		F1359EF62ABB6F93004536E6 /* Debug */ = {
			isa = XCBuildConfiguration;
			buildSettings = {
				ALWAYS_SEARCH_USER_PATHS = NO;
				CLANG_ANALYZER_NONNULL = YES;
				CLANG_ANALYZER_NUMBER_OBJECT_CONVERSION = YES_AGGRESSIVE;
				CLANG_CXX_LANGUAGE_STANDARD = "gnu++20";
				CLANG_ENABLE_MODULES = YES;
				CLANG_ENABLE_OBJC_ARC = YES;
				CLANG_ENABLE_OBJC_WEAK = YES;
				CLANG_WARN_BLOCK_CAPTURE_AUTORELEASING = YES;
				CLANG_WARN_BOOL_CONVERSION = YES;
				CLANG_WARN_COMMA = YES;
				CLANG_WARN_CONSTANT_CONVERSION = YES;
				CLANG_WARN_DEPRECATED_OBJC_IMPLEMENTATIONS = YES;
				CLANG_WARN_DIRECT_OBJC_ISA_USAGE = YES_ERROR;
				CLANG_WARN_DOCUMENTATION_COMMENTS = YES;
				CLANG_WARN_EMPTY_BODY = YES;
				CLANG_WARN_ENUM_CONVERSION = YES;
				CLANG_WARN_INFINITE_RECURSION = YES;
				CLANG_WARN_INT_CONVERSION = YES;
				CLANG_WARN_NON_LITERAL_NULL_CONVERSION = YES;
				CLANG_WARN_OBJC_IMPLICIT_RETAIN_SELF = YES;
				CLANG_WARN_OBJC_LITERAL_CONVERSION = YES;
				CLANG_WARN_OBJC_ROOT_CLASS = YES_ERROR;
				CLANG_WARN_QUOTED_INCLUDE_IN_FRAMEWORK_HEADER = YES;
				CLANG_WARN_RANGE_LOOP_ANALYSIS = YES;
				CLANG_WARN_STRICT_PROTOTYPES = YES;
				CLANG_WARN_SUSPICIOUS_MOVE = YES;
				CLANG_WARN_UNGUARDED_AVAILABILITY = YES_AGGRESSIVE;
				CLANG_WARN_UNREACHABLE_CODE = YES;
				CLANG_WARN__DUPLICATE_METHOD_MATCH = YES;
				COPY_PHASE_STRIP = NO;
				DEBUG_INFORMATION_FORMAT = dwarf;
				ENABLE_STRICT_OBJC_MSGSEND = YES;
				ENABLE_TESTABILITY = YES;
				GCC_C_LANGUAGE_STANDARD = gnu11;
				GCC_DYNAMIC_NO_PIC = NO;
				GCC_NO_COMMON_BLOCKS = YES;
				GCC_OPTIMIZATION_LEVEL = 0;
				GCC_PREPROCESSOR_DEFINITIONS = (
					"DEBUG=1",
					"$(inherited)",
				);
				GCC_WARN_64_TO_32_BIT_CONVERSION = YES;
				GCC_WARN_ABOUT_RETURN_TYPE = YES_ERROR;
				GCC_WARN_UNDECLARED_SELECTOR = YES;
				GCC_WARN_UNINITIALIZED_AUTOS = YES_AGGRESSIVE;
				GCC_WARN_UNUSED_FUNCTION = YES;
				GCC_WARN_UNUSED_VARIABLE = YES;
				IPHONEOS_DEPLOYMENT_TARGET = 16.4;
				MTL_ENABLE_DEBUG_INFO = INCLUDE_SOURCE;
				MTL_FAST_MATH = YES;
				ONLY_ACTIVE_ARCH = YES;
				SDKROOT = iphoneos;
				SWIFT_ACTIVE_COMPILATION_CONDITIONS = DEBUG;
				SWIFT_OPTIMIZATION_LEVEL = "-Onone";
			};
			name = Debug;
		};
		F1359EF72ABB6F93004536E6 /* Release */ = {
			isa = XCBuildConfiguration;
			buildSettings = {
				ALWAYS_SEARCH_USER_PATHS = NO;
				CLANG_ANALYZER_NONNULL = YES;
				CLANG_ANALYZER_NUMBER_OBJECT_CONVERSION = YES_AGGRESSIVE;
				CLANG_CXX_LANGUAGE_STANDARD = "gnu++20";
				CLANG_ENABLE_MODULES = YES;
				CLANG_ENABLE_OBJC_ARC = YES;
				CLANG_ENABLE_OBJC_WEAK = YES;
				CLANG_WARN_BLOCK_CAPTURE_AUTORELEASING = YES;
				CLANG_WARN_BOOL_CONVERSION = YES;
				CLANG_WARN_COMMA = YES;
				CLANG_WARN_CONSTANT_CONVERSION = YES;
				CLANG_WARN_DEPRECATED_OBJC_IMPLEMENTATIONS = YES;
				CLANG_WARN_DIRECT_OBJC_ISA_USAGE = YES_ERROR;
				CLANG_WARN_DOCUMENTATION_COMMENTS = YES;
				CLANG_WARN_EMPTY_BODY = YES;
				CLANG_WARN_ENUM_CONVERSION = YES;
				CLANG_WARN_INFINITE_RECURSION = YES;
				CLANG_WARN_INT_CONVERSION = YES;
				CLANG_WARN_NON_LITERAL_NULL_CONVERSION = YES;
				CLANG_WARN_OBJC_IMPLICIT_RETAIN_SELF = YES;
				CLANG_WARN_OBJC_LITERAL_CONVERSION = YES;
				CLANG_WARN_OBJC_ROOT_CLASS = YES_ERROR;
				CLANG_WARN_QUOTED_INCLUDE_IN_FRAMEWORK_HEADER = YES;
				CLANG_WARN_RANGE_LOOP_ANALYSIS = YES;
				CLANG_WARN_STRICT_PROTOTYPES = YES;
				CLANG_WARN_SUSPICIOUS_MOVE = YES;
				CLANG_WARN_UNGUARDED_AVAILABILITY = YES_AGGRESSIVE;
				CLANG_WARN_UNREACHABLE_CODE = YES;
				CLANG_WARN__DUPLICATE_METHOD_MATCH = YES;
				COPY_PHASE_STRIP = NO;
				DEBUG_INFORMATION_FORMAT = "dwarf-with-dsym";
				ENABLE_NS_ASSERTIONS = NO;
				ENABLE_STRICT_OBJC_MSGSEND = YES;
				GCC_C_LANGUAGE_STANDARD = gnu11;
				GCC_NO_COMMON_BLOCKS = YES;
				GCC_WARN_64_TO_32_BIT_CONVERSION = YES;
				GCC_WARN_ABOUT_RETURN_TYPE = YES_ERROR;
				GCC_WARN_UNDECLARED_SELECTOR = YES;
				GCC_WARN_UNINITIALIZED_AUTOS = YES_AGGRESSIVE;
				GCC_WARN_UNUSED_FUNCTION = YES;
				GCC_WARN_UNUSED_VARIABLE = YES;
				IPHONEOS_DEPLOYMENT_TARGET = 16.4;
				MTL_ENABLE_DEBUG_INFO = NO;
				MTL_FAST_MATH = YES;
				SDKROOT = iphoneos;
				SWIFT_COMPILATION_MODE = wholemodule;
				SWIFT_OPTIMIZATION_LEVEL = "-O";
				VALIDATE_PRODUCT = YES;
			};
			name = Release;
		};
		F1359EF92ABB6F93004536E6 /* Debug */ = {
			isa = XCBuildConfiguration;
			buildSettings = {
				ASSETCATALOG_COMPILER_APPICON_NAME = AppIcon;
				ASSETCATALOG_COMPILER_GLOBAL_ACCENT_COLOR_NAME = AccentColor;
				CODE_SIGN_STYLE = Automatic;
				CURRENT_PROJECT_VERSION = 1;
				DEVELOPMENT_TEAM = 99Z68J6579;
				GENERATE_INFOPLIST_FILE = YES;
				INFOPLIST_FILE = BurnoutEditionMini02/Info.plist;
				INFOPLIST_KEY_UIApplicationSupportsIndirectInputEvents = YES;
				INFOPLIST_KEY_UILaunchStoryboardName = LaunchScreen;
				INFOPLIST_KEY_UISupportedInterfaceOrientations_iPad = "UIInterfaceOrientationPortrait UIInterfaceOrientationPortraitUpsideDown UIInterfaceOrientationLandscapeLeft UIInterfaceOrientationLandscapeRight";
				INFOPLIST_KEY_UISupportedInterfaceOrientations_iPhone = "UIInterfaceOrientationPortrait UIInterfaceOrientationLandscapeLeft UIInterfaceOrientationLandscapeRight";
				LD_RUNPATH_SEARCH_PATHS = (
					"$(inherited)",
					"@executable_path/Frameworks",
				);
				MARKETING_VERSION = 1.0;
				PRODUCT_BUNDLE_IDENTIFIER = VictorHugo.BurnoutEditionMini02;
				PRODUCT_NAME = "$(TARGET_NAME)";
				SWIFT_EMIT_LOC_STRINGS = YES;
				SWIFT_VERSION = 5.0;
				TARGETED_DEVICE_FAMILY = "1,2";
			};
			name = Debug;
		};
		F1359EFA2ABB6F93004536E6 /* Release */ = {
			isa = XCBuildConfiguration;
			buildSettings = {
				ASSETCATALOG_COMPILER_APPICON_NAME = AppIcon;
				ASSETCATALOG_COMPILER_GLOBAL_ACCENT_COLOR_NAME = AccentColor;
				CODE_SIGN_STYLE = Automatic;
				CURRENT_PROJECT_VERSION = 1;
				DEVELOPMENT_TEAM = 99Z68J6579;
				GENERATE_INFOPLIST_FILE = YES;
				INFOPLIST_FILE = BurnoutEditionMini02/Info.plist;
				INFOPLIST_KEY_UIApplicationSupportsIndirectInputEvents = YES;
				INFOPLIST_KEY_UILaunchStoryboardName = LaunchScreen;
				INFOPLIST_KEY_UISupportedInterfaceOrientations_iPad = "UIInterfaceOrientationPortrait UIInterfaceOrientationPortraitUpsideDown UIInterfaceOrientationLandscapeLeft UIInterfaceOrientationLandscapeRight";
				INFOPLIST_KEY_UISupportedInterfaceOrientations_iPhone = "UIInterfaceOrientationPortrait UIInterfaceOrientationLandscapeLeft UIInterfaceOrientationLandscapeRight";
				LD_RUNPATH_SEARCH_PATHS = (
					"$(inherited)",
					"@executable_path/Frameworks",
				);
				MARKETING_VERSION = 1.0;
				PRODUCT_BUNDLE_IDENTIFIER = VictorHugo.BurnoutEditionMini02;
				PRODUCT_NAME = "$(TARGET_NAME)";
				SWIFT_EMIT_LOC_STRINGS = YES;
				SWIFT_VERSION = 5.0;
				TARGETED_DEVICE_FAMILY = "1,2";
			};
			name = Release;
		};
/* End XCBuildConfiguration section */

/* Begin XCConfigurationList section */
		F1359EDC2ABB6F92004536E6 /* Build configuration list for PBXProject "BurnoutEditionMini02" */ = {
			isa = XCConfigurationList;
			buildConfigurations = (
				F1359EF62ABB6F93004536E6 /* Debug */,
				F1359EF72ABB6F93004536E6 /* Release */,
			);
			defaultConfigurationIsVisible = 0;
			defaultConfigurationName = Release;
		};
		F1359EF82ABB6F93004536E6 /* Build configuration list for PBXNativeTarget "BurnoutEditionMini02" */ = {
			isa = XCConfigurationList;
			buildConfigurations = (
				F1359EF92ABB6F93004536E6 /* Debug */,
				F1359EFA2ABB6F93004536E6 /* Release */,
			);
			defaultConfigurationIsVisible = 0;
			defaultConfigurationName = Release;
		};
/* End XCConfigurationList section */

/* Begin XCVersionGroup section */
		F1359EED2ABB6F92004536E6 /* BurnoutEditionMini02.xcdatamodeld */ = {
			isa = XCVersionGroup;
			children = (
				F1359EEE2ABB6F92004536E6 /* BurnoutEditionMini02.xcdatamodel */,
			);
			currentVersion = F1359EEE2ABB6F92004536E6 /* BurnoutEditionMini02.xcdatamodel */;
			path = BurnoutEditionMini02.xcdatamodeld;
			sourceTree = "<group>";
			versionGroupType = wrapper.xcdatamodel;
		};
/* End XCVersionGroup section */
	};
	rootObject = F1359ED92ABB6F92004536E6 /* Project object */;
}
