// !$*UTF8*$!
{
	archiveVersion = 1;
	classes = {
	};
	objectVersion = 56;
	objects = {

/* Begin PBXBuildFile section */
		2F5FD3A62AC751330012DA88 /* NotificationsSettings.swift in Sources */ = {isa = PBXBuildFile; fileRef = 2F5FD3A52AC751330012DA88 /* NotificationsSettings.swift */; };
		2F5FD3A82AC7518C0012DA88 /* SubgoalLevelViewController.swift in Sources */ = {isa = PBXBuildFile; fileRef = 2F5FD3A72AC7518C0012DA88 /* SubgoalLevelViewController.swift */; };
		2F9CDC8B2ABD0D5700C10425 /* Localizable.strings in Resources */ = {isa = PBXBuildFile; fileRef = 2F9CDC8D2ABD0D5700C10425 /* Localizable.strings */; };
		2F9CDC902ABD153B00C10425 /* LocalizedStringExtension.swift in Sources */ = {isa = PBXBuildFile; fileRef = 2F9CDC8F2ABD153B00C10425 /* LocalizedStringExtension.swift */; };
		2FC6D6452AC3096A00CAD167 /* SettingsModalViewController.swift in Sources */ = {isa = PBXBuildFile; fileRef = 2FC6D6442AC3096A00CAD167 /* SettingsModalViewController.swift */; };
		BA7E71652AC35A8D0036028B /* Goal+CoreDataClass.swift in Sources */ = {isa = PBXBuildFile; fileRef = BA7E71632AC35A8D0036028B /* Goal+CoreDataClass.swift */; };
		BA7E71662AC35A8D0036028B /* Goal+CoreDataProperties.swift in Sources */ = {isa = PBXBuildFile; fileRef = BA7E71642AC35A8D0036028B /* Goal+CoreDataProperties.swift */; };
		BA7E71692AC3609D0036028B /* DAO.swift in Sources */ = {isa = PBXBuildFile; fileRef = BA7E71682AC3609D0036028B /* DAO.swift */; };
		C562C56B2ABE290E00A3311C /* GoalModel.swift in Sources */ = {isa = PBXBuildFile; fileRef = C562C56A2ABE290E00A3311C /* GoalModel.swift */; };
		C562C56D2ABE297E00A3311C /* SubGoalModel.swift in Sources */ = {isa = PBXBuildFile; fileRef = C562C56C2ABE297E00A3311C /* SubGoalModel.swift */; };
		C5DF0B982AC3725D0012C1F4 /* UIViewController+PresentModal.swift in Sources */ = {isa = PBXBuildFile; fileRef = C5DF0B972AC3725D0012C1F4 /* UIViewController+PresentModal.swift */; };
		C5DF0BA12AC6147A0012C1F4 /* CustomLineTextField.swift in Sources */ = {isa = PBXBuildFile; fileRef = C5DF0BA02AC6147A0012C1F4 /* CustomLineTextField.swift */; };
		C5DF0BA32AC614EA0012C1F4 /* AddSubGoalCell.swift in Sources */ = {isa = PBXBuildFile; fileRef = C5DF0BA22AC614EA0012C1F4 /* AddSubGoalCell.swift */; };
		C5DF0BA52AC70F160012C1F4 /* SubGoalCellText.swift in Sources */ = {isa = PBXBuildFile; fileRef = C5DF0BA42AC70F160012C1F4 /* SubGoalCellText.swift */; };
		F1359EE52ABB6F92004536E6 /* AppDelegate.swift in Sources */ = {isa = PBXBuildFile; fileRef = F1359EE42ABB6F92004536E6 /* AppDelegate.swift */; };
		F1359EE72ABB6F92004536E6 /* SceneDelegate.swift in Sources */ = {isa = PBXBuildFile; fileRef = F1359EE62ABB6F92004536E6 /* SceneDelegate.swift */; };
		F1359EEF2ABB6F92004536E6 /* BurnoutEditionMini02.xcdatamodeld in Sources */ = {isa = PBXBuildFile; fileRef = F1359EED2ABB6F92004536E6 /* BurnoutEditionMini02.xcdatamodeld */; };
		F1359EF12ABB6F93004536E6 /* Assets.xcassets in Resources */ = {isa = PBXBuildFile; fileRef = F1359EF02ABB6F93004536E6 /* Assets.xcassets */; };
		F1359EF42ABB6F93004536E6 /* LaunchScreen.storyboard in Resources */ = {isa = PBXBuildFile; fileRef = F1359EF22ABB6F93004536E6 /* LaunchScreen.storyboard */; };
		F15BE4FA2ABCC97D005A1C39 /* GoalsViewController.swift in Sources */ = {isa = PBXBuildFile; fileRef = F15BE4F92ABCC97D005A1C39 /* GoalsViewController.swift */; };
		F15BE4FE2ABCD789005A1C39 /* NewGoalModalView.swift in Sources */ = {isa = PBXBuildFile; fileRef = F15BE4FD2ABCD789005A1C39 /* NewGoalModalView.swift */; };
		F15BE5002ABCD89C005A1C39 /* NewSubgoalsModalView.swift in Sources */ = {isa = PBXBuildFile; fileRef = F15BE4FF2ABCD89C005A1C39 /* NewSubgoalsModalView.swift */; };
		F15BE5022ABCD8E9005A1C39 /* NewWellnessSubgoalsModalView.swift in Sources */ = {isa = PBXBuildFile; fileRef = F15BE5012ABCD8E9005A1C39 /* NewWellnessSubgoalsModalView.swift */; };
		F15BE5052ABCD950005A1C39 /* NewGoalModalViewController.swift in Sources */ = {isa = PBXBuildFile; fileRef = F15BE5042ABCD950005A1C39 /* NewGoalModalViewController.swift */; };
		F15BE5072ABCD965005A1C39 /* NewSubgoalsModalViewController.swift in Sources */ = {isa = PBXBuildFile; fileRef = F15BE5062ABCD965005A1C39 /* NewSubgoalsModalViewController.swift */; };
		F15BE5092ABCD985005A1C39 /* NewWellnessSubgoalsModalViewController.swift in Sources */ = {isa = PBXBuildFile; fileRef = F15BE5082ABCD985005A1C39 /* NewWellnessSubgoalsModalViewController.swift */; };
		F15BE50F2ABCDE40005A1C39 /* AchievementsViewController.swift in Sources */ = {isa = PBXBuildFile; fileRef = F15BE50E2ABCDE40005A1C39 /* AchievementsViewController.swift */; };
		F15BE5122ABCDEB1005A1C39 /* ReflectionViewController.swift in Sources */ = {isa = PBXBuildFile; fileRef = F15BE5112ABCDEB1005A1C39 /* ReflectionViewController.swift */; };
		F15BE5292AC203CD005A1C39 /* BreathAnimationViewController.swift in Sources */ = {isa = PBXBuildFile; fileRef = F15BE5282AC203CD005A1C39 /* BreathAnimationViewController.swift */; };
		F15BE52B2AC21BB2005A1C39 /* CreatingNewReflectionViewController.swift in Sources */ = {isa = PBXBuildFile; fileRef = F15BE52A2AC21BB2005A1C39 /* CreatingNewReflectionViewController.swift */; };
		F15BE52D2AC227ED005A1C39 /* ReflectionModel.swift in Sources */ = {isa = PBXBuildFile; fileRef = F15BE52C2AC227ED005A1C39 /* ReflectionModel.swift */; };
		F1D15BC72AC45E2E00528743 /* ReflectionCanvasViewController.swift in Sources */ = {isa = PBXBuildFile; fileRef = F1D15BC62AC45E2E00528743 /* ReflectionCanvasViewController.swift */; };
		F1D15BCA2AC4ECF800528743 /* CreatingNewReflection2ViewController.swift in Sources */ = {isa = PBXBuildFile; fileRef = F1D15BC92AC4ECF800528743 /* CreatingNewReflection2ViewController.swift */; };
		F1D15BCC2AC51A2B00528743 /* CreatingNewReflection3ViewController.swift in Sources */ = {isa = PBXBuildFile; fileRef = F1D15BCB2AC51A2B00528743 /* CreatingNewReflection3ViewController.swift */; };
/* End PBXBuildFile section */

/* Begin PBXFileReference section */
		2F5FD3A52AC751330012DA88 /* NotificationsSettings.swift */ = {isa = PBXFileReference; lastKnownFileType = sourcecode.swift; path = NotificationsSettings.swift; sourceTree = "<group>"; };
		2F5FD3A72AC7518C0012DA88 /* SubgoalLevelViewController.swift */ = {isa = PBXFileReference; lastKnownFileType = sourcecode.swift; path = SubgoalLevelViewController.swift; sourceTree = "<group>"; };
		2F9CDC8C2ABD0D5700C10425 /* en */ = {isa = PBXFileReference; lastKnownFileType = text.plist.strings; name = en; path = en.lproj/Localizable.strings; sourceTree = "<group>"; };
		2F9CDC8E2ABD0DC800C10425 /* pt-BR */ = {isa = PBXFileReference; lastKnownFileType = text.plist.strings; name = "pt-BR"; path = "pt-BR.lproj/Localizable.strings"; sourceTree = "<group>"; };
		2F9CDC8F2ABD153B00C10425 /* LocalizedStringExtension.swift */ = {isa = PBXFileReference; lastKnownFileType = sourcecode.swift; path = LocalizedStringExtension.swift; sourceTree = "<group>"; };
		2FC6D6442AC3096A00CAD167 /* SettingsModalViewController.swift */ = {isa = PBXFileReference; lastKnownFileType = sourcecode.swift; path = SettingsModalViewController.swift; sourceTree = "<group>"; };
		BA7E71632AC35A8D0036028B /* Goal+CoreDataClass.swift */ = {isa = PBXFileReference; lastKnownFileType = sourcecode.swift; path = "Goal+CoreDataClass.swift"; sourceTree = "<group>"; };
		BA7E71642AC35A8D0036028B /* Goal+CoreDataProperties.swift */ = {isa = PBXFileReference; lastKnownFileType = sourcecode.swift; path = "Goal+CoreDataProperties.swift"; sourceTree = "<group>"; };
		BA7E71682AC3609D0036028B /* DAO.swift */ = {isa = PBXFileReference; lastKnownFileType = sourcecode.swift; path = DAO.swift; sourceTree = "<group>"; };
		BA7E71AC2AC52F500036028B /* BurnoutEditionMini02.entitlements */ = {isa = PBXFileReference; lastKnownFileType = text.plist.entitlements; path = BurnoutEditionMini02.entitlements; sourceTree = "<group>"; };
		C562C56A2ABE290E00A3311C /* GoalModel.swift */ = {isa = PBXFileReference; lastKnownFileType = sourcecode.swift; path = GoalModel.swift; sourceTree = "<group>"; };
		C562C56C2ABE297E00A3311C /* SubGoalModel.swift */ = {isa = PBXFileReference; lastKnownFileType = sourcecode.swift; path = SubGoalModel.swift; sourceTree = "<group>"; };
		C5DF0B972AC3725D0012C1F4 /* UIViewController+PresentModal.swift */ = {isa = PBXFileReference; lastKnownFileType = sourcecode.swift; path = "UIViewController+PresentModal.swift"; sourceTree = "<group>"; };
		C5DF0BA02AC6147A0012C1F4 /* CustomLineTextField.swift */ = {isa = PBXFileReference; lastKnownFileType = sourcecode.swift; path = CustomLineTextField.swift; sourceTree = "<group>"; };
		C5DF0BA22AC614EA0012C1F4 /* AddSubGoalCell.swift */ = {isa = PBXFileReference; lastKnownFileType = sourcecode.swift; path = AddSubGoalCell.swift; sourceTree = "<group>"; };
		C5DF0BA42AC70F160012C1F4 /* SubGoalCellText.swift */ = {isa = PBXFileReference; lastKnownFileType = sourcecode.swift; path = SubGoalCellText.swift; sourceTree = "<group>"; };
		F1359EE12ABB6F92004536E6 /* BurnoutEditionMini02.app */ = {isa = PBXFileReference; explicitFileType = wrapper.application; includeInIndex = 0; path = BurnoutEditionMini02.app; sourceTree = BUILT_PRODUCTS_DIR; };
		F1359EE42ABB6F92004536E6 /* AppDelegate.swift */ = {isa = PBXFileReference; lastKnownFileType = sourcecode.swift; path = AppDelegate.swift; sourceTree = "<group>"; };
		F1359EE62ABB6F92004536E6 /* SceneDelegate.swift */ = {isa = PBXFileReference; lastKnownFileType = sourcecode.swift; path = SceneDelegate.swift; sourceTree = "<group>"; };
		F1359EEE2ABB6F92004536E6 /* BurnoutEditionMini02.xcdatamodel */ = {isa = PBXFileReference; lastKnownFileType = wrapper.xcdatamodel; path = BurnoutEditionMini02.xcdatamodel; sourceTree = "<group>"; };
		F1359EF02ABB6F93004536E6 /* Assets.xcassets */ = {isa = PBXFileReference; lastKnownFileType = folder.assetcatalog; path = Assets.xcassets; sourceTree = "<group>"; };
		F1359EF32ABB6F93004536E6 /* Base */ = {isa = PBXFileReference; lastKnownFileType = file.storyboard; name = Base; path = Base.lproj/LaunchScreen.storyboard; sourceTree = "<group>"; };
		F1359EF52ABB6F93004536E6 /* Info.plist */ = {isa = PBXFileReference; lastKnownFileType = text.plist.xml; path = Info.plist; sourceTree = "<group>"; };
		F15BE4F92ABCC97D005A1C39 /* GoalsViewController.swift */ = {isa = PBXFileReference; lastKnownFileType = sourcecode.swift; path = GoalsViewController.swift; sourceTree = "<group>"; };
		F15BE4FD2ABCD789005A1C39 /* NewGoalModalView.swift */ = {isa = PBXFileReference; lastKnownFileType = sourcecode.swift; path = NewGoalModalView.swift; sourceTree = "<group>"; };
		F15BE4FF2ABCD89C005A1C39 /* NewSubgoalsModalView.swift */ = {isa = PBXFileReference; lastKnownFileType = sourcecode.swift; path = NewSubgoalsModalView.swift; sourceTree = "<group>"; };
		F15BE5012ABCD8E9005A1C39 /* NewWellnessSubgoalsModalView.swift */ = {isa = PBXFileReference; lastKnownFileType = sourcecode.swift; path = NewWellnessSubgoalsModalView.swift; sourceTree = "<group>"; };
		F15BE5042ABCD950005A1C39 /* NewGoalModalViewController.swift */ = {isa = PBXFileReference; lastKnownFileType = sourcecode.swift; path = NewGoalModalViewController.swift; sourceTree = "<group>"; };
		F15BE5062ABCD965005A1C39 /* NewSubgoalsModalViewController.swift */ = {isa = PBXFileReference; lastKnownFileType = sourcecode.swift; path = NewSubgoalsModalViewController.swift; sourceTree = "<group>"; };
		F15BE5082ABCD985005A1C39 /* NewWellnessSubgoalsModalViewController.swift */ = {isa = PBXFileReference; lastKnownFileType = sourcecode.swift; path = NewWellnessSubgoalsModalViewController.swift; sourceTree = "<group>"; };
		F15BE50E2ABCDE40005A1C39 /* AchievementsViewController.swift */ = {isa = PBXFileReference; lastKnownFileType = sourcecode.swift; path = AchievementsViewController.swift; sourceTree = "<group>"; };
		F15BE5112ABCDEB1005A1C39 /* ReflectionViewController.swift */ = {isa = PBXFileReference; lastKnownFileType = sourcecode.swift; path = ReflectionViewController.swift; sourceTree = "<group>"; };
		F15BE5282AC203CD005A1C39 /* BreathAnimationViewController.swift */ = {isa = PBXFileReference; lastKnownFileType = sourcecode.swift; path = BreathAnimationViewController.swift; sourceTree = "<group>"; };
		F15BE52A2AC21BB2005A1C39 /* CreatingNewReflectionViewController.swift */ = {isa = PBXFileReference; lastKnownFileType = sourcecode.swift; path = CreatingNewReflectionViewController.swift; sourceTree = "<group>"; };
		F15BE52C2AC227ED005A1C39 /* ReflectionModel.swift */ = {isa = PBXFileReference; lastKnownFileType = sourcecode.swift; path = ReflectionModel.swift; sourceTree = "<group>"; };
		F1D15BC62AC45E2E00528743 /* ReflectionCanvasViewController.swift */ = {isa = PBXFileReference; lastKnownFileType = sourcecode.swift; path = ReflectionCanvasViewController.swift; sourceTree = "<group>"; };
		F1D15BC92AC4ECF800528743 /* CreatingNewReflection2ViewController.swift */ = {isa = PBXFileReference; lastKnownFileType = sourcecode.swift; path = CreatingNewReflection2ViewController.swift; sourceTree = "<group>"; };
		F1D15BCB2AC51A2B00528743 /* CreatingNewReflection3ViewController.swift */ = {isa = PBXFileReference; lastKnownFileType = sourcecode.swift; path = CreatingNewReflection3ViewController.swift; sourceTree = "<group>"; };
/* End PBXFileReference section */

/* Begin PBXFrameworksBuildPhase section */
		F1359EDE2ABB6F92004536E6 /* Frameworks */ = {
			isa = PBXFrameworksBuildPhase;
			buildActionMask = 2147483647;
			files = (
			);
			runOnlyForDeploymentPostprocessing = 0;
		};
/* End PBXFrameworksBuildPhase section */

/* Begin PBXGroup section */
		2FFE58CD2AC1385500ECA413 /* Localizations */ = {
			isa = PBXGroup;
			children = (
				2F9CDC8D2ABD0D5700C10425 /* Localizable.strings */,
			);
			path = Localizations;
			sourceTree = "<group>";
		};
		2FFE58CE2AC1386000ECA413 /* Extensions */ = {
			isa = PBXGroup;
			children = (
				2F9CDC8F2ABD153B00C10425 /* LocalizedStringExtension.swift */,
				C5DF0B972AC3725D0012C1F4 /* UIViewController+PresentModal.swift */,
			);
			path = Extensions;
			sourceTree = "<group>";
		};
		BA7E71672AC35A930036028B /* Entities */ = {
			isa = PBXGroup;
			children = (
				BA7E71632AC35A8D0036028B /* Goal+CoreDataClass.swift */,
				BA7E71642AC35A8D0036028B /* Goal+CoreDataProperties.swift */,
			);
			path = Entities;
			sourceTree = "<group>";
		};
		C5DF0B9F2AC6144E0012C1F4 /* Components */ = {
			isa = PBXGroup;
			children = (
				C5DF0BA02AC6147A0012C1F4 /* CustomLineTextField.swift */,
				C5DF0BA22AC614EA0012C1F4 /* AddSubGoalCell.swift */,
				C5DF0BA42AC70F160012C1F4 /* SubGoalCellText.swift */,
			);
			path = Components;
			sourceTree = "<group>";
		};
		F1359ED82ABB6F92004536E6 = {
			isa = PBXGroup;
			children = (
				F1359EE32ABB6F92004536E6 /* BurnoutEditionMini02 */,
				F1359EE22ABB6F92004536E6 /* Products */,
			);
			sourceTree = "<group>";
		};
		F1359EE22ABB6F92004536E6 /* Products */ = {
			isa = PBXGroup;
			children = (
				F1359EE12ABB6F92004536E6 /* BurnoutEditionMini02.app */,
			);
			name = Products;
			sourceTree = "<group>";
		};
		F1359EE32ABB6F92004536E6 /* BurnoutEditionMini02 */ = {
			isa = PBXGroup;
			children = (
				BA7E71AC2AC52F500036028B /* BurnoutEditionMini02.entitlements */,
				BA7E71672AC35A930036028B /* Entities */,
				F15BE4F82ABCC8C6005A1C39 /* App */,
				F15BE4F72ABCC8AF005A1C39 /* Views */,
				F15BE4F52ABCC892005A1C39 /* Controller */,
				F15BE4F22ABCC86B005A1C39 /* Model */,
				C5DF0B9F2AC6144E0012C1F4 /* Components */,
				F1359EF02ABB6F93004536E6 /* Assets.xcassets */,
				F1359EF22ABB6F93004536E6 /* LaunchScreen.storyboard */,
				F1359EF52ABB6F93004536E6 /* Info.plist */,
				2FFE58CE2AC1386000ECA413 /* Extensions */,
				2FFE58CD2AC1385500ECA413 /* Localizations */,
			);
			path = BurnoutEditionMini02;
			sourceTree = "<group>";
		};
		F15BE4F22ABCC86B005A1C39 /* Model */ = {
			isa = PBXGroup;
			children = (
				C562C56A2ABE290E00A3311C /* GoalModel.swift */,
				C562C56C2ABE297E00A3311C /* SubGoalModel.swift */,
				F15BE52C2AC227ED005A1C39 /* ReflectionModel.swift */,
				BA7E71682AC3609D0036028B /* DAO.swift */,
				F1359EED2ABB6F92004536E6 /* BurnoutEditionMini02.xcdatamodeld */,
			);
			path = Model;
			sourceTree = "<group>";
		};
		F15BE4F52ABCC892005A1C39 /* Controller */ = {
			isa = PBXGroup;
			children = (
				F15BE4F92ABCC97D005A1C39 /* GoalsViewController.swift */,
				F15BE50E2ABCDE40005A1C39 /* AchievementsViewController.swift */,
				F1D15BC82AC4EC7600528743 /* Reflection */,
				F15BE5102ABCDE4F005A1C39 /* ModalViewControllers */,
			);
			path = Controller;
			sourceTree = "<group>";
		};
		F15BE4F72ABCC8AF005A1C39 /* Views */ = {
			isa = PBXGroup;
			children = (
				F15BE5032ABCD8F4005A1C39 /* NewGoalModal */,
			);
			path = Views;
			sourceTree = "<group>";
		};
		F15BE4F82ABCC8C6005A1C39 /* App */ = {
			isa = PBXGroup;
			children = (
				F1359EE42ABB6F92004536E6 /* AppDelegate.swift */,
				F1359EE62ABB6F92004536E6 /* SceneDelegate.swift */,
				2F5FD3A52AC751330012DA88 /* NotificationsSettings.swift */,
			);
			path = App;
			sourceTree = "<group>";
		};
		F15BE5032ABCD8F4005A1C39 /* NewGoalModal */ = {
			isa = PBXGroup;
			children = (
				F15BE4FD2ABCD789005A1C39 /* NewGoalModalView.swift */,
				F15BE4FF2ABCD89C005A1C39 /* NewSubgoalsModalView.swift */,
				F15BE5012ABCD8E9005A1C39 /* NewWellnessSubgoalsModalView.swift */,
			);
			path = NewGoalModal;
			sourceTree = "<group>";
		};
		F15BE5102ABCDE4F005A1C39 /* ModalViewControllers */ = {
			isa = PBXGroup;
			children = (
				F15BE5042ABCD950005A1C39 /* NewGoalModalViewController.swift */,
				F15BE5062ABCD965005A1C39 /* NewSubgoalsModalViewController.swift */,
				2F5FD3A72AC7518C0012DA88 /* SubgoalLevelViewController.swift */,
				F15BE5082ABCD985005A1C39 /* NewWellnessSubgoalsModalViewController.swift */,
				2FC6D6442AC3096A00CAD167 /* SettingsModalViewController.swift */,
			);
			path = ModalViewControllers;
			sourceTree = "<group>";
		};
		F1D15BC82AC4EC7600528743 /* Reflection */ = {
			isa = PBXGroup;
			children = (
				F15BE5112ABCDEB1005A1C39 /* ReflectionViewController.swift */,
				F15BE5282AC203CD005A1C39 /* BreathAnimationViewController.swift */,
				F15BE52A2AC21BB2005A1C39 /* CreatingNewReflectionViewController.swift */,
				F1D15BC92AC4ECF800528743 /* CreatingNewReflection2ViewController.swift */,
				F1D15BCB2AC51A2B00528743 /* CreatingNewReflection3ViewController.swift */,
				F1D15BC62AC45E2E00528743 /* ReflectionCanvasViewController.swift */,
			);
			path = Reflection;
			sourceTree = "<group>";
		};
/* End PBXGroup section */

/* Begin PBXNativeTarget section */
		F1359EE02ABB6F92004536E6 /* BurnoutEditionMini02 */ = {
			isa = PBXNativeTarget;
			buildConfigurationList = F1359EF82ABB6F93004536E6 /* Build configuration list for PBXNativeTarget "BurnoutEditionMini02" */;
			buildPhases = (
				F1359EDD2ABB6F92004536E6 /* Sources */,
				F1359EDE2ABB6F92004536E6 /* Frameworks */,
				F1359EDF2ABB6F92004536E6 /* Resources */,
			);
			buildRules = (
			);
			dependencies = (
			);
			name = BurnoutEditionMini02;
			productName = BurnoutEditionMini02;
			productReference = F1359EE12ABB6F92004536E6 /* BurnoutEditionMini02.app */;
			productType = "com.apple.product-type.application";
		};
/* End PBXNativeTarget section */

/* Begin PBXProject section */
		F1359ED92ABB6F92004536E6 /* Project object */ = {
			isa = PBXProject;
			attributes = {
				BuildIndependentTargetsInParallel = 1;
				LastSwiftUpdateCheck = 1430;
				LastUpgradeCheck = 1430;
				TargetAttributes = {
					F1359EE02ABB6F92004536E6 = {
						CreatedOnToolsVersion = 14.3.1;
					};
				};
			};
			buildConfigurationList = F1359EDC2ABB6F92004536E6 /* Build configuration list for PBXProject "BurnoutEditionMini02" */;
			compatibilityVersion = "Xcode 14.0";
			developmentRegion = en;
			hasScannedForEncodings = 0;
			knownRegions = (
				en,
				Base,
				"pt-BR",
			);
			mainGroup = F1359ED82ABB6F92004536E6;
			productRefGroup = F1359EE22ABB6F92004536E6 /* Products */;
			projectDirPath = "";
			projectRoot = "";
			targets = (
				F1359EE02ABB6F92004536E6 /* BurnoutEditionMini02 */,
			);
		};
/* End PBXProject section */

/* Begin PBXResourcesBuildPhase section */
		F1359EDF2ABB6F92004536E6 /* Resources */ = {
			isa = PBXResourcesBuildPhase;
			buildActionMask = 2147483647;
			files = (
				F1359EF42ABB6F93004536E6 /* LaunchScreen.storyboard in Resources */,
				2F9CDC8B2ABD0D5700C10425 /* Localizable.strings in Resources */,
				F1359EF12ABB6F93004536E6 /* Assets.xcassets in Resources */,
			);
			runOnlyForDeploymentPostprocessing = 0;
		};
/* End PBXResourcesBuildPhase section */

/* Begin PBXSourcesBuildPhase section */
		F1359EDD2ABB6F92004536E6 /* Sources */ = {
			isa = PBXSourcesBuildPhase;
			buildActionMask = 2147483647;
			files = (
				F1D15BCA2AC4ECF800528743 /* CreatingNewReflection2ViewController.swift in Sources */,
				C5DF0B982AC3725D0012C1F4 /* UIViewController+PresentModal.swift in Sources */,
				F15BE52D2AC227ED005A1C39 /* ReflectionModel.swift in Sources */,
				F15BE5092ABCD985005A1C39 /* NewWellnessSubgoalsModalViewController.swift in Sources */,
				BA7E71692AC3609D0036028B /* DAO.swift in Sources */,
				BA7E71662AC35A8D0036028B /* Goal+CoreDataProperties.swift in Sources */,
				F15BE5292AC203CD005A1C39 /* BreathAnimationViewController.swift in Sources */,
				F1359EEF2ABB6F92004536E6 /* BurnoutEditionMini02.xcdatamodeld in Sources */,
				2F9CDC902ABD153B00C10425 /* LocalizedStringExtension.swift in Sources */,
				C562C56D2ABE297E00A3311C /* SubGoalModel.swift in Sources */,
				F15BE4FA2ABCC97D005A1C39 /* GoalsViewController.swift in Sources */,
				F15BE5122ABCDEB1005A1C39 /* ReflectionViewController.swift in Sources */,
				BA7E71652AC35A8D0036028B /* Goal+CoreDataClass.swift in Sources */,
				C5DF0BA32AC614EA0012C1F4 /* AddSubGoalCell.swift in Sources */,
				F1359EE52ABB6F92004536E6 /* AppDelegate.swift in Sources */,
				2F5FD3A62AC751330012DA88 /* NotificationsSettings.swift in Sources */,
				C5DF0BA12AC6147A0012C1F4 /* CustomLineTextField.swift in Sources */,
				F15BE5052ABCD950005A1C39 /* NewGoalModalViewController.swift in Sources */,
				F15BE5022ABCD8E9005A1C39 /* NewWellnessSubgoalsModalView.swift in Sources */,
				C5DF0BA52AC70F160012C1F4 /* SubGoalCellText.swift in Sources */,
				F15BE4FE2ABCD789005A1C39 /* NewGoalModalView.swift in Sources */,
				C562C56B2ABE290E00A3311C /* GoalModel.swift in Sources */,
				F1D15BCC2AC51A2B00528743 /* CreatingNewReflection3ViewController.swift in Sources */,
				F1359EE72ABB6F92004536E6 /* SceneDelegate.swift in Sources */,
				2F5FD3A82AC7518C0012DA88 /* SubgoalLevelViewController.swift in Sources */,
				F15BE5002ABCD89C005A1C39 /* NewSubgoalsModalView.swift in Sources */,
				2FC6D6452AC3096A00CAD167 /* SettingsModalViewController.swift in Sources */,
				F15BE50F2ABCDE40005A1C39 /* AchievementsViewController.swift in Sources */,
				F1D15BC72AC45E2E00528743 /* ReflectionCanvasViewController.swift in Sources */,
				F15BE5072ABCD965005A1C39 /* NewSubgoalsModalViewController.swift in Sources */,
				F15BE52B2AC21BB2005A1C39 /* CreatingNewReflectionViewController.swift in Sources */,
			);
			runOnlyForDeploymentPostprocessing = 0;
		};
/* End PBXSourcesBuildPhase section */

/* Begin PBXVariantGroup section */
		2F9CDC8D2ABD0D5700C10425 /* Localizable.strings */ = {
			isa = PBXVariantGroup;
			children = (
				2F9CDC8C2ABD0D5700C10425 /* en */,
				2F9CDC8E2ABD0DC800C10425 /* pt-BR */,
			);
			name = Localizable.strings;
			sourceTree = "<group>";
		};
		F1359EF22ABB6F93004536E6 /* LaunchScreen.storyboard */ = {
			isa = PBXVariantGroup;
			children = (
				F1359EF32ABB6F93004536E6 /* Base */,
			);
			name = LaunchScreen.storyboard;
			sourceTree = "<group>";
		};
/* End PBXVariantGroup section */

/* Begin XCBuildConfiguration section */
		F1359EF62ABB6F93004536E6 /* Debug */ = {
			isa = XCBuildConfiguration;
			buildSettings = {
				ALWAYS_SEARCH_USER_PATHS = NO;
				CLANG_ANALYZER_LOCALIZABILITY_NONLOCALIZED = YES;
				CLANG_ANALYZER_NONNULL = YES;
				CLANG_ANALYZER_NUMBER_OBJECT_CONVERSION = YES_AGGRESSIVE;
				CLANG_CXX_LANGUAGE_STANDARD = "gnu++20";
				CLANG_ENABLE_MODULES = YES;
				CLANG_ENABLE_OBJC_ARC = YES;
				CLANG_ENABLE_OBJC_WEAK = YES;
				CLANG_WARN_BLOCK_CAPTURE_AUTORELEASING = YES;
				CLANG_WARN_BOOL_CONVERSION = YES;
				CLANG_WARN_COMMA = YES;
				CLANG_WARN_CONSTANT_CONVERSION = YES;
				CLANG_WARN_DEPRECATED_OBJC_IMPLEMENTATIONS = YES;
				CLANG_WARN_DIRECT_OBJC_ISA_USAGE = YES_ERROR;
				CLANG_WARN_DOCUMENTATION_COMMENTS = YES;
				CLANG_WARN_EMPTY_BODY = YES;
				CLANG_WARN_ENUM_CONVERSION = YES;
				CLANG_WARN_INFINITE_RECURSION = YES;
				CLANG_WARN_INT_CONVERSION = YES;
				CLANG_WARN_NON_LITERAL_NULL_CONVERSION = YES;
				CLANG_WARN_OBJC_IMPLICIT_RETAIN_SELF = YES;
				CLANG_WARN_OBJC_LITERAL_CONVERSION = YES;
				CLANG_WARN_OBJC_ROOT_CLASS = YES_ERROR;
				CLANG_WARN_QUOTED_INCLUDE_IN_FRAMEWORK_HEADER = YES;
				CLANG_WARN_RANGE_LOOP_ANALYSIS = YES;
				CLANG_WARN_STRICT_PROTOTYPES = YES;
				CLANG_WARN_SUSPICIOUS_MOVE = YES;
				CLANG_WARN_UNGUARDED_AVAILABILITY = YES_AGGRESSIVE;
				CLANG_WARN_UNREACHABLE_CODE = YES;
				CLANG_WARN__DUPLICATE_METHOD_MATCH = YES;
				COPY_PHASE_STRIP = NO;
				DEBUG_INFORMATION_FORMAT = dwarf;
				ENABLE_STRICT_OBJC_MSGSEND = YES;
				ENABLE_TESTABILITY = YES;
				GCC_C_LANGUAGE_STANDARD = gnu11;
				GCC_DYNAMIC_NO_PIC = NO;
				GCC_NO_COMMON_BLOCKS = YES;
				GCC_OPTIMIZATION_LEVEL = 0;
				GCC_PREPROCESSOR_DEFINITIONS = (
					"DEBUG=1",
					"$(inherited)",
				);
				GCC_WARN_64_TO_32_BIT_CONVERSION = YES;
				GCC_WARN_ABOUT_RETURN_TYPE = YES_ERROR;
				GCC_WARN_UNDECLARED_SELECTOR = YES;
				GCC_WARN_UNINITIALIZED_AUTOS = YES_AGGRESSIVE;
				GCC_WARN_UNUSED_FUNCTION = YES;
				GCC_WARN_UNUSED_VARIABLE = YES;
				IPHONEOS_DEPLOYMENT_TARGET = 16.4;
				MTL_ENABLE_DEBUG_INFO = INCLUDE_SOURCE;
				MTL_FAST_MATH = YES;
				ONLY_ACTIVE_ARCH = YES;
				SDKROOT = iphoneos;
				SWIFT_ACTIVE_COMPILATION_CONDITIONS = DEBUG;
				SWIFT_OPTIMIZATION_LEVEL = "-Onone";
			};
			name = Debug;
		};
		F1359EF72ABB6F93004536E6 /* Release */ = {
			isa = XCBuildConfiguration;
			buildSettings = {
				ALWAYS_SEARCH_USER_PATHS = NO;
				CLANG_ANALYZER_LOCALIZABILITY_NONLOCALIZED = YES;
				CLANG_ANALYZER_NONNULL = YES;
				CLANG_ANALYZER_NUMBER_OBJECT_CONVERSION = YES_AGGRESSIVE;
				CLANG_CXX_LANGUAGE_STANDARD = "gnu++20";
				CLANG_ENABLE_MODULES = YES;
				CLANG_ENABLE_OBJC_ARC = YES;
				CLANG_ENABLE_OBJC_WEAK = YES;
				CLANG_WARN_BLOCK_CAPTURE_AUTORELEASING = YES;
				CLANG_WARN_BOOL_CONVERSION = YES;
				CLANG_WARN_COMMA = YES;
				CLANG_WARN_CONSTANT_CONVERSION = YES;
				CLANG_WARN_DEPRECATED_OBJC_IMPLEMENTATIONS = YES;
				CLANG_WARN_DIRECT_OBJC_ISA_USAGE = YES_ERROR;
				CLANG_WARN_DOCUMENTATION_COMMENTS = YES;
				CLANG_WARN_EMPTY_BODY = YES;
				CLANG_WARN_ENUM_CONVERSION = YES;
				CLANG_WARN_INFINITE_RECURSION = YES;
				CLANG_WARN_INT_CONVERSION = YES;
				CLANG_WARN_NON_LITERAL_NULL_CONVERSION = YES;
				CLANG_WARN_OBJC_IMPLICIT_RETAIN_SELF = YES;
				CLANG_WARN_OBJC_LITERAL_CONVERSION = YES;
				CLANG_WARN_OBJC_ROOT_CLASS = YES_ERROR;
				CLANG_WARN_QUOTED_INCLUDE_IN_FRAMEWORK_HEADER = YES;
				CLANG_WARN_RANGE_LOOP_ANALYSIS = YES;
				CLANG_WARN_STRICT_PROTOTYPES = YES;
				CLANG_WARN_SUSPICIOUS_MOVE = YES;
				CLANG_WARN_UNGUARDED_AVAILABILITY = YES_AGGRESSIVE;
				CLANG_WARN_UNREACHABLE_CODE = YES;
				CLANG_WARN__DUPLICATE_METHOD_MATCH = YES;
				COPY_PHASE_STRIP = NO;
				DEBUG_INFORMATION_FORMAT = "dwarf-with-dsym";
				ENABLE_NS_ASSERTIONS = NO;
				ENABLE_STRICT_OBJC_MSGSEND = YES;
				GCC_C_LANGUAGE_STANDARD = gnu11;
				GCC_NO_COMMON_BLOCKS = YES;
				GCC_WARN_64_TO_32_BIT_CONVERSION = YES;
				GCC_WARN_ABOUT_RETURN_TYPE = YES_ERROR;
				GCC_WARN_UNDECLARED_SELECTOR = YES;
				GCC_WARN_UNINITIALIZED_AUTOS = YES_AGGRESSIVE;
				GCC_WARN_UNUSED_FUNCTION = YES;
				GCC_WARN_UNUSED_VARIABLE = YES;
				IPHONEOS_DEPLOYMENT_TARGET = 16.4;
				MTL_ENABLE_DEBUG_INFO = NO;
				MTL_FAST_MATH = YES;
				SDKROOT = iphoneos;
				SWIFT_COMPILATION_MODE = wholemodule;
				SWIFT_OPTIMIZATION_LEVEL = "-O";
				VALIDATE_PRODUCT = YES;
			};
			name = Release;
		};
		F1359EF92ABB6F93004536E6 /* Debug */ = {
			isa = XCBuildConfiguration;
			buildSettings = {
				ASSETCATALOG_COMPILER_APPICON_NAME = AppIcon;
				ASSETCATALOG_COMPILER_GLOBAL_ACCENT_COLOR_NAME = AccentColor;
				CODE_SIGN_ENTITLEMENTS = BurnoutEditionMini02/BurnoutEditionMini02.entitlements;
				CODE_SIGN_STYLE = Automatic;
				CURRENT_PROJECT_VERSION = 1;
				DEVELOPMENT_TEAM = 99Z68J6579;
				GENERATE_INFOPLIST_FILE = YES;
				INFOPLIST_FILE = BurnoutEditionMini02/Info.plist;
				INFOPLIST_KEY_UIApplicationSupportsIndirectInputEvents = YES;
				INFOPLIST_KEY_UILaunchStoryboardName = LaunchScreen;
				INFOPLIST_KEY_UISupportedInterfaceOrientations_iPad = "UIInterfaceOrientationPortrait UIInterfaceOrientationPortraitUpsideDown UIInterfaceOrientationLandscapeLeft UIInterfaceOrientationLandscapeRight";
				INFOPLIST_KEY_UISupportedInterfaceOrientations_iPhone = "UIInterfaceOrientationPortrait UIInterfaceOrientationLandscapeLeft UIInterfaceOrientationLandscapeRight";
				LD_RUNPATH_SEARCH_PATHS = (
					"$(inherited)",
					"@executable_path/Frameworks",
				);
				MARKETING_VERSION = 1.0;
				PRODUCT_BUNDLE_IDENTIFIER = VictorHugo.BurnoutEditionMini02;
				PRODUCT_NAME = "$(TARGET_NAME)";
				SWIFT_EMIT_LOC_STRINGS = YES;
				SWIFT_VERSION = 5.0;
				TARGETED_DEVICE_FAMILY = "1,2";
			};
			name = Debug;
		};
		F1359EFA2ABB6F93004536E6 /* Release */ = {
			isa = XCBuildConfiguration;
			buildSettings = {
				ASSETCATALOG_COMPILER_APPICON_NAME = AppIcon;
				ASSETCATALOG_COMPILER_GLOBAL_ACCENT_COLOR_NAME = AccentColor;
				CODE_SIGN_ENTITLEMENTS = BurnoutEditionMini02/BurnoutEditionMini02.entitlements;
				CODE_SIGN_STYLE = Automatic;
				CURRENT_PROJECT_VERSION = 1;
				DEVELOPMENT_TEAM = 99Z68J6579;
				GENERATE_INFOPLIST_FILE = YES;
				INFOPLIST_FILE = BurnoutEditionMini02/Info.plist;
				INFOPLIST_KEY_UIApplicationSupportsIndirectInputEvents = YES;
				INFOPLIST_KEY_UILaunchStoryboardName = LaunchScreen;
				INFOPLIST_KEY_UISupportedInterfaceOrientations_iPad = "UIInterfaceOrientationPortrait UIInterfaceOrientationPortraitUpsideDown UIInterfaceOrientationLandscapeLeft UIInterfaceOrientationLandscapeRight";
				INFOPLIST_KEY_UISupportedInterfaceOrientations_iPhone = "UIInterfaceOrientationPortrait UIInterfaceOrientationLandscapeLeft UIInterfaceOrientationLandscapeRight";
				LD_RUNPATH_SEARCH_PATHS = (
					"$(inherited)",
					"@executable_path/Frameworks",
				);
				MARKETING_VERSION = 1.0;
				PRODUCT_BUNDLE_IDENTIFIER = VictorHugo.BurnoutEditionMini02;
				PRODUCT_NAME = "$(TARGET_NAME)";
				SWIFT_EMIT_LOC_STRINGS = YES;
				SWIFT_VERSION = 5.0;
				TARGETED_DEVICE_FAMILY = "1,2";
			};
			name = Release;
		};
/* End XCBuildConfiguration section */

/* Begin XCConfigurationList section */
		F1359EDC2ABB6F92004536E6 /* Build configuration list for PBXProject "BurnoutEditionMini02" */ = {
			isa = XCConfigurationList;
			buildConfigurations = (
				F1359EF62ABB6F93004536E6 /* Debug */,
				F1359EF72ABB6F93004536E6 /* Release */,
			);
			defaultConfigurationIsVisible = 0;
			defaultConfigurationName = Release;
		};
		F1359EF82ABB6F93004536E6 /* Build configuration list for PBXNativeTarget "BurnoutEditionMini02" */ = {
			isa = XCConfigurationList;
			buildConfigurations = (
				F1359EF92ABB6F93004536E6 /* Debug */,
				F1359EFA2ABB6F93004536E6 /* Release */,
			);
			defaultConfigurationIsVisible = 0;
			defaultConfigurationName = Release;
		};
/* End XCConfigurationList section */

/* Begin XCVersionGroup section */
		F1359EED2ABB6F92004536E6 /* BurnoutEditionMini02.xcdatamodeld */ = {
			isa = XCVersionGroup;
			children = (
				F1359EEE2ABB6F92004536E6 /* BurnoutEditionMini02.xcdatamodel */,
			);
			currentVersion = F1359EEE2ABB6F92004536E6 /* BurnoutEditionMini02.xcdatamodel */;
			path = BurnoutEditionMini02.xcdatamodeld;
			sourceTree = "<group>";
			versionGroupType = wrapper.xcdatamodel;
		};
/* End XCVersionGroup section */
	};
	rootObject = F1359ED92ABB6F92004536E6 /* Project object */;
}
